<Solution>
  <Folder Name="/services/" />
  <Folder Name="/services/building-blocks/">
    <Project Path="services/building-blocks/Marketplace.BuildingBlocks/Marketplace.BuildingBlocks.csproj" />
  </Folder>
  <Folder Name="/services/identity/">
    <Project Path="services/identity/Marketplace.Identity.Api/Marketplace.Identity.Api.csproj" />
  </Folder>
</Solution>
